// !$*UTF8*$!
{
	archiveVersion = 1;
	classes = {
	};
	objectVersion = 46;
	objects = {

/* Begin PBXBuildFile section */
		4B1FF8EE1CDA90230032D545 /* BebasNeue Regular.otf in Resources */ = {isa = PBXBuildFile; fileRef = 4B1FF8ED1CDA90230032D545 /* BebasNeue Regular.otf */; };
		4B1FF8F01CDA975E0032D545 /* TrainerEngine.swift in Sources */ = {isa = PBXBuildFile; fileRef = 4B1FF8EF1CDA975E0032D545 /* TrainerEngine.swift */; };
		4B675D251CD4034600A1B0F7 /* Constants.swift in Sources */ = {isa = PBXBuildFile; fileRef = 4B675D241CD4034600A1B0F7 /* Constants.swift */; };
		4B69CEC71CD4EA5100D85B83 /* Word.swift in Sources */ = {isa = PBXBuildFile; fileRef = 4B69CEC61CD4EA5100D85B83 /* Word.swift */; };
		4B69CEC91CD6300700D85B83 /* WordController.swift in Sources */ = {isa = PBXBuildFile; fileRef = 4B69CEC81CD6300700D85B83 /* WordController.swift */; };
		4B69CECB1CD634E800D85B83 /* FileSystemUtility.swift in Sources */ = {isa = PBXBuildFile; fileRef = 4B69CECA1CD634E800D85B83 /* FileSystemUtility.swift */; };
		4B69CECD1CD63A9000D85B83 /* SavedWordViewController.swift in Sources */ = {isa = PBXBuildFile; fileRef = 4B69CECC1CD63A9000D85B83 /* SavedWordViewController.swift */; };
		4B69CECF1CD63F7800D85B83 /* SavedWords+DataSource.swift in Sources */ = {isa = PBXBuildFile; fileRef = 4B69CECE1CD63F7800D85B83 /* SavedWords+DataSource.swift */; };
		4B69CED11CD6404900D85B83 /* SavedWordsTableViewCell.swift in Sources */ = {isa = PBXBuildFile; fileRef = 4B69CED01CD6404900D85B83 /* SavedWordsTableViewCell.swift */; };
		4B69CED31CD649EA00D85B83 /* SavedWords+Delegate.swift in Sources */ = {isa = PBXBuildFile; fileRef = 4B69CED21CD649EA00D85B83 /* SavedWords+Delegate.swift */; };
		4B745B451CD800FD00D2D034 /* BebasNeue Bold.otf in Resources */ = {isa = PBXBuildFile; fileRef = 4B745B441CD800FD00D2D034 /* BebasNeue Bold.otf */; };
		4B745B471CD801A700D2D034 /* norwester.otf in Resources */ = {isa = PBXBuildFile; fileRef = 4B745B461CD801A700D2D034 /* norwester.otf */; };
		4B79AB8F1CD2AEB600F23681 /* AppDelegate.swift in Sources */ = {isa = PBXBuildFile; fileRef = 4B79AB8E1CD2AEB600F23681 /* AppDelegate.swift */; };
		4B79AB911CD2AEB600F23681 /* HomeViewController.swift in Sources */ = {isa = PBXBuildFile; fileRef = 4B79AB901CD2AEB600F23681 /* HomeViewController.swift */; };
		4B79AB941CD2AEB600F23681 /* Main.storyboard in Resources */ = {isa = PBXBuildFile; fileRef = 4B79AB921CD2AEB600F23681 /* Main.storyboard */; };
		4B79AB961CD2AEB600F23681 /* Assets.xcassets in Resources */ = {isa = PBXBuildFile; fileRef = 4B79AB951CD2AEB600F23681 /* Assets.xcassets */; };
		4B79AB991CD2AEB600F23681 /* LaunchScreen.storyboard in Resources */ = {isa = PBXBuildFile; fileRef = 4B79AB971CD2AEB600F23681 /* LaunchScreen.storyboard */; };
		4B79ABA31CD2B02600F23681 /* TrainerViewController.swift in Sources */ = {isa = PBXBuildFile; fileRef = 4B79ABA21CD2B02600F23681 /* TrainerViewController.swift */; };
		4B79ABA51CD2B03D00F23681 /* AddNewWordsViewController.swift in Sources */ = {isa = PBXBuildFile; fileRef = 4B79ABA41CD2B03D00F23681 /* AddNewWordsViewController.swift */; };
		4B79ABA71CD2B41000F23681 /* Utility.swift in Sources */ = {isa = PBXBuildFile; fileRef = 4B79ABA61CD2B41000F23681 /* Utility.swift */; };
		4B79ABAB1CD2B8C000F23681 /* ManyLanguagesTextField.m in Sources */ = {isa = PBXBuildFile; fileRef = 4B79ABAA1CD2B8C000F23681 /* ManyLanguagesTextField.m */; };
		4B79ABAE1CD2B9BC00F23681 /* Utilities.m in Sources */ = {isa = PBXBuildFile; fileRef = 4B79ABAD1CD2B9BC00F23681 /* Utilities.m */; };
		4B855E291CF3AAB4002FD0E4 /* TrainerViewController+TextViewDelegate.swift in Sources */ = {isa = PBXBuildFile; fileRef = 4B855E281CF3AAB4002FD0E4 /* TrainerViewController+TextViewDelegate.swift */; };
		4BA023ED1CF08D1100F958E7 /* MostWrongWordsViewController.swift in Sources */ = {isa = PBXBuildFile; fileRef = 4BA023EC1CF08D1100F958E7 /* MostWrongWordsViewController.swift */; };
		4BC5A93E1CD93E94006CE9C6 /* ItalianTextField.m in Sources */ = {isa = PBXBuildFile; fileRef = 4BC5A93D1CD93E94006CE9C6 /* ItalianTextField.m */; };
		4BC5A9411CD93EB6006CE9C6 /* JapaneseTextField.m in Sources */ = {isa = PBXBuildFile; fileRef = 4BC5A9401CD93EB6006CE9C6 /* JapaneseTextField.m */; };
		4BD09F741CF7905800AA8E0E /* FinishViewController.swift in Sources */ = {isa = PBXBuildFile; fileRef = 4BD09F731CF7905800AA8E0E /* FinishViewController.swift */; };
/* End PBXBuildFile section */

/* Begin PBXFileReference section */
		4B1FF8ED1CDA90230032D545 /* BebasNeue Regular.otf */ = {isa = PBXFileReference; lastKnownFileType = file; path = "BebasNeue Regular.otf"; sourceTree = "<group>"; };
		4B1FF8EF1CDA975E0032D545 /* TrainerEngine.swift */ = {isa = PBXFileReference; fileEncoding = 4; lastKnownFileType = sourcecode.swift; path = TrainerEngine.swift; sourceTree = "<group>"; };
		4B675D241CD4034600A1B0F7 /* Constants.swift */ = {isa = PBXFileReference; fileEncoding = 4; lastKnownFileType = sourcecode.swift; path = Constants.swift; sourceTree = "<group>"; };
		4B69CEC61CD4EA5100D85B83 /* Word.swift */ = {isa = PBXFileReference; fileEncoding = 4; lastKnownFileType = sourcecode.swift; path = Word.swift; sourceTree = "<group>"; };
		4B69CEC81CD6300700D85B83 /* WordController.swift */ = {isa = PBXFileReference; fileEncoding = 4; lastKnownFileType = sourcecode.swift; path = WordController.swift; sourceTree = "<group>"; };
		4B69CECA1CD634E800D85B83 /* FileSystemUtility.swift */ = {isa = PBXFileReference; fileEncoding = 4; lastKnownFileType = sourcecode.swift; path = FileSystemUtility.swift; sourceTree = "<group>"; };
		4B69CECC1CD63A9000D85B83 /* SavedWordViewController.swift */ = {isa = PBXFileReference; fileEncoding = 4; lastKnownFileType = sourcecode.swift; path = SavedWordViewController.swift; sourceTree = "<group>"; };
		4B69CECE1CD63F7800D85B83 /* SavedWords+DataSource.swift */ = {isa = PBXFileReference; fileEncoding = 4; lastKnownFileType = sourcecode.swift; path = "SavedWords+DataSource.swift"; sourceTree = "<group>"; };
		4B69CED01CD6404900D85B83 /* SavedWordsTableViewCell.swift */ = {isa = PBXFileReference; fileEncoding = 4; lastKnownFileType = sourcecode.swift; path = SavedWordsTableViewCell.swift; sourceTree = "<group>"; };
		4B69CED21CD649EA00D85B83 /* SavedWords+Delegate.swift */ = {isa = PBXFileReference; fileEncoding = 4; lastKnownFileType = sourcecode.swift; path = "SavedWords+Delegate.swift"; sourceTree = "<group>"; };
		4B745B441CD800FD00D2D034 /* BebasNeue Bold.otf */ = {isa = PBXFileReference; lastKnownFileType = file; path = "BebasNeue Bold.otf"; sourceTree = "<group>"; };
		4B745B461CD801A700D2D034 /* norwester.otf */ = {isa = PBXFileReference; lastKnownFileType = file; path = norwester.otf; sourceTree = "<group>"; };
		4B79AB8B1CD2AEB600F23681 /* JPTrainer.app */ = {isa = PBXFileReference; explicitFileType = wrapper.application; includeInIndex = 0; path = JPTrainer.app; sourceTree = BUILT_PRODUCTS_DIR; };
		4B79AB8E1CD2AEB600F23681 /* AppDelegate.swift */ = {isa = PBXFileReference; lastKnownFileType = sourcecode.swift; path = AppDelegate.swift; sourceTree = "<group>"; };
		4B79AB901CD2AEB600F23681 /* HomeViewController.swift */ = {isa = PBXFileReference; lastKnownFileType = sourcecode.swift; path = HomeViewController.swift; sourceTree = "<group>"; };
		4B79AB931CD2AEB600F23681 /* Base */ = {isa = PBXFileReference; lastKnownFileType = file.storyboard; name = Base; path = Base.lproj/Main.storyboard; sourceTree = "<group>"; };
		4B79AB951CD2AEB600F23681 /* Assets.xcassets */ = {isa = PBXFileReference; lastKnownFileType = folder.assetcatalog; path = Assets.xcassets; sourceTree = "<group>"; };
		4B79AB981CD2AEB600F23681 /* Base */ = {isa = PBXFileReference; lastKnownFileType = file.storyboard; name = Base; path = Base.lproj/LaunchScreen.storyboard; sourceTree = "<group>"; };
		4B79AB9A1CD2AEB600F23681 /* Info.plist */ = {isa = PBXFileReference; lastKnownFileType = text.plist.xml; path = Info.plist; sourceTree = "<group>"; };
		4B79ABA21CD2B02600F23681 /* TrainerViewController.swift */ = {isa = PBXFileReference; fileEncoding = 4; lastKnownFileType = sourcecode.swift; path = TrainerViewController.swift; sourceTree = "<group>"; };
		4B79ABA41CD2B03D00F23681 /* AddNewWordsViewController.swift */ = {isa = PBXFileReference; fileEncoding = 4; lastKnownFileType = sourcecode.swift; path = AddNewWordsViewController.swift; sourceTree = "<group>"; };
		4B79ABA61CD2B41000F23681 /* Utility.swift */ = {isa = PBXFileReference; fileEncoding = 4; lastKnownFileType = sourcecode.swift; path = Utility.swift; sourceTree = "<group>"; };
		4B79ABA81CD2B89900F23681 /* ManyLanguagesTextField.h */ = {isa = PBXFileReference; lastKnownFileType = sourcecode.c.h; name = ManyLanguagesTextField.h; path = ../ManyLanguagesTextField.h; sourceTree = "<group>"; };
		4B79ABA91CD2B8C000F23681 /* JapaneseTrainer-Bridging-Header.h */ = {isa = PBXFileReference; lastKnownFileType = sourcecode.c.h; path = "JapaneseTrainer-Bridging-Header.h"; sourceTree = "<group>"; };
		4B79ABAA1CD2B8C000F23681 /* ManyLanguagesTextField.m */ = {isa = PBXFileReference; fileEncoding = 4; lastKnownFileType = sourcecode.c.objc; name = ManyLanguagesTextField.m; path = ../ManyLanguagesTextField.m; sourceTree = "<group>"; };
		4B79ABAC1CD2B99F00F23681 /* Utilities.h */ = {isa = PBXFileReference; lastKnownFileType = sourcecode.c.h; name = Utilities.h; path = ../Utilities.h; sourceTree = "<group>"; };
		4B79ABAD1CD2B9BC00F23681 /* Utilities.m */ = {isa = PBXFileReference; fileEncoding = 4; lastKnownFileType = sourcecode.c.objc; name = Utilities.m; path = ../Utilities.m; sourceTree = "<group>"; };
		4B855E281CF3AAB4002FD0E4 /* TrainerViewController+TextViewDelegate.swift */ = {isa = PBXFileReference; fileEncoding = 4; lastKnownFileType = sourcecode.swift; path = "TrainerViewController+TextViewDelegate.swift"; sourceTree = "<group>"; };
		4BA023EC1CF08D1100F958E7 /* MostWrongWordsViewController.swift */ = {isa = PBXFileReference; fileEncoding = 4; lastKnownFileType = sourcecode.swift; path = MostWrongWordsViewController.swift; sourceTree = "<group>"; };
		4BC5A93C1CD93E94006CE9C6 /* ItalianTextField.h */ = {isa = PBXFileReference; fileEncoding = 4; lastKnownFileType = sourcecode.c.h; path = ItalianTextField.h; sourceTree = "<group>"; };
		4BC5A93D1CD93E94006CE9C6 /* ItalianTextField.m */ = {isa = PBXFileReference; fileEncoding = 4; lastKnownFileType = sourcecode.c.objc; path = ItalianTextField.m; sourceTree = "<group>"; };
		4BC5A93F1CD93EB6006CE9C6 /* JapaneseTextField.h */ = {isa = PBXFileReference; fileEncoding = 4; lastKnownFileType = sourcecode.c.h; path = JapaneseTextField.h; sourceTree = "<group>"; };
		4BC5A9401CD93EB6006CE9C6 /* JapaneseTextField.m */ = {isa = PBXFileReference; fileEncoding = 4; lastKnownFileType = sourcecode.c.objc; path = JapaneseTextField.m; sourceTree = "<group>"; };
		4BD09F731CF7905800AA8E0E /* FinishViewController.swift */ = {isa = PBXFileReference; fileEncoding = 4; lastKnownFileType = sourcecode.swift; path = FinishViewController.swift; sourceTree = "<group>"; };
/* End PBXFileReference section */

/* Begin PBXFrameworksBuildPhase section */
		4B79AB881CD2AEB600F23681 /* Frameworks */ = {
			isa = PBXFrameworksBuildPhase;
			buildActionMask = 2147483647;
			files = (
			);
			runOnlyForDeploymentPostprocessing = 0;
		};
/* End PBXFrameworksBuildPhase section */

/* Begin PBXGroup section */
		4B2499A21CF212E80055F696 /* Font */ = {
			isa = PBXGroup;
			children = (
				4B1FF8ED1CDA90230032D545 /* BebasNeue Regular.otf */,
				4B745B461CD801A700D2D034 /* norwester.otf */,
				4B745B441CD800FD00D2D034 /* BebasNeue Bold.otf */,
			);
			name = Font;
			sourceTree = "<group>";
		};
		4B69CEC21CD4E95D00D85B83 /* View */ = {
			isa = PBXGroup;
			children = (
				4BD09F731CF7905800AA8E0E /* FinishViewController.swift */,
				4BA023EB1CF08CF100F958E7 /* MostWrongWords */,
				4B69CED41CD6AC7100D85B83 /* Home */,
				4B69CED51CD6AC7A00D85B83 /* Trainer */,
				4B69CED61CD6AC8700D85B83 /* SavedWords */,
				4B79AB921CD2AEB600F23681 /* Main.storyboard */,
			);
			name = View;
			sourceTree = "<group>";
		};
		4B69CEC31CD4E97500D85B83 /* Utilities */ = {
			isa = PBXGroup;
			children = (
				4B69CECA1CD634E800D85B83 /* FileSystemUtility.swift */,
				4B675D241CD4034600A1B0F7 /* Constants.swift */,
				4B79ABA61CD2B41000F23681 /* Utility.swift */,
				4B79ABAC1CD2B99F00F23681 /* Utilities.h */,
				4B79ABAD1CD2B9BC00F23681 /* Utilities.m */,
			);
			name = Utilities;
			sourceTree = "<group>";
		};
		4B69CEC41CD4E9AE00D85B83 /* Subclasses */ = {
			isa = PBXGroup;
			children = (
				4B79ABA81CD2B89900F23681 /* ManyLanguagesTextField.h */,
				4B79ABAA1CD2B8C000F23681 /* ManyLanguagesTextField.m */,
				4BC5A93F1CD93EB6006CE9C6 /* JapaneseTextField.h */,
				4BC5A9401CD93EB6006CE9C6 /* JapaneseTextField.m */,
				4BC5A93C1CD93E94006CE9C6 /* ItalianTextField.h */,
				4BC5A93D1CD93E94006CE9C6 /* ItalianTextField.m */,
			);
			name = Subclasses;
			sourceTree = "<group>";
		};
		4B69CEC51CD4E9E100D85B83 /* Model */ = {
			isa = PBXGroup;
			children = (
				4B69CEC61CD4EA5100D85B83 /* Word.swift */,
				4B69CEC81CD6300700D85B83 /* WordController.swift */,
				4B1FF8EF1CDA975E0032D545 /* TrainerEngine.swift */,
			);
			name = Model;
			sourceTree = "<group>";
		};
		4B69CED41CD6AC7100D85B83 /* Home */ = {
			isa = PBXGroup;
			children = (
				4B79AB901CD2AEB600F23681 /* HomeViewController.swift */,
			);
			name = Home;
			sourceTree = "<group>";
		};
		4B69CED51CD6AC7A00D85B83 /* Trainer */ = {
			isa = PBXGroup;
			children = (
				4B79ABA21CD2B02600F23681 /* TrainerViewController.swift */,
				4B855E281CF3AAB4002FD0E4 /* TrainerViewController+TextViewDelegate.swift */,
			);
			name = Trainer;
			sourceTree = "<group>";
		};
		4B69CED61CD6AC8700D85B83 /* SavedWords */ = {
			isa = PBXGroup;
			children = (
				4B79ABA41CD2B03D00F23681 /* AddNewWordsViewController.swift */,
				4B69CECC1CD63A9000D85B83 /* SavedWordViewController.swift */,
				4B69CECE1CD63F7800D85B83 /* SavedWords+DataSource.swift */,
				4B69CED21CD649EA00D85B83 /* SavedWords+Delegate.swift */,
				4B69CED01CD6404900D85B83 /* SavedWordsTableViewCell.swift */,
			);
			name = SavedWords;
			sourceTree = "<group>";
		};
		4B79AB821CD2AEB500F23681 = {
			isa = PBXGroup;
			children = (
				4B79AB8D1CD2AEB600F23681 /* JapaneseTrainer */,
				4B79AB8C1CD2AEB600F23681 /* Products */,
				4B79ABA91CD2B8C000F23681 /* JapaneseTrainer-Bridging-Header.h */,
			);
			sourceTree = "<group>";
		};
		4B79AB8C1CD2AEB600F23681 /* Products */ = {
			isa = PBXGroup;
			children = (
				4B79AB8B1CD2AEB600F23681 /* JPTrainer.app */,
			);
			name = Products;
			sourceTree = "<group>";
		};
		4B79AB8D1CD2AEB600F23681 /* JapaneseTrainer */ = {
			isa = PBXGroup;
			children = (
				4B79AB8E1CD2AEB600F23681 /* AppDelegate.swift */,
				4B2499A21CF212E80055F696 /* Font */,
				4B69CEC51CD4E9E100D85B83 /* Model */,
				4B69CEC21CD4E95D00D85B83 /* View */,
				4B69CEC31CD4E97500D85B83 /* Utilities */,
				4B69CEC41CD4E9AE00D85B83 /* Subclasses */,
				4B79AB951CD2AEB600F23681 /* Assets.xcassets */,
				4B79AB971CD2AEB600F23681 /* LaunchScreen.storyboard */,
				4B79AB9A1CD2AEB600F23681 /* Info.plist */,
			);
			path = JapaneseTrainer;
			sourceTree = "<group>";
		};
		4BA023EB1CF08CF100F958E7 /* MostWrongWords */ = {
			isa = PBXGroup;
			children = (
				4BA023EC1CF08D1100F958E7 /* MostWrongWordsViewController.swift */,
			);
			name = MostWrongWords;
			sourceTree = "<group>";
		};
/* End PBXGroup section */

/* Begin PBXNativeTarget section */
		4B79AB8A1CD2AEB600F23681 /* JPTrainer */ = {
			isa = PBXNativeTarget;
			buildConfigurationList = 4B79AB9D1CD2AEB600F23681 /* Build configuration list for PBXNativeTarget "JPTrainer" */;
			buildPhases = (
				4B79AB871CD2AEB600F23681 /* Sources */,
				4B79AB881CD2AEB600F23681 /* Frameworks */,
				4B79AB891CD2AEB600F23681 /* Resources */,
			);
			buildRules = (
			);
			dependencies = (
			);
			name = JPTrainer;
			productName = JapaneseTrainer;
			productReference = 4B79AB8B1CD2AEB600F23681 /* JPTrainer.app */;
			productType = "com.apple.product-type.application";
		};
/* End PBXNativeTarget section */

/* Begin PBXProject section */
		4B79AB831CD2AEB500F23681 /* Project object */ = {
			isa = PBXProject;
			attributes = {
				LastSwiftUpdateCheck = 0730;
				LastUpgradeCheck = 0730;
				ORGANIZATIONNAME = "Luca Gramaglia";
				TargetAttributes = {
					4B79AB8A1CD2AEB600F23681 = {
						CreatedOnToolsVersion = 7.3;
					};
				};
			};
			buildConfigurationList = 4B79AB861CD2AEB500F23681 /* Build configuration list for PBXProject "JapaneseTrainer" */;
			compatibilityVersion = "Xcode 3.2";
			developmentRegion = English;
			hasScannedForEncodings = 0;
			knownRegions = (
				en,
				Base,
			);
			mainGroup = 4B79AB821CD2AEB500F23681;
			productRefGroup = 4B79AB8C1CD2AEB600F23681 /* Products */;
			projectDirPath = "";
			projectRoot = "";
			targets = (
				4B79AB8A1CD2AEB600F23681 /* JPTrainer */,
			);
		};
/* End PBXProject section */

/* Begin PBXResourcesBuildPhase section */
		4B79AB891CD2AEB600F23681 /* Resources */ = {
			isa = PBXResourcesBuildPhase;
			buildActionMask = 2147483647;
			files = (
				4B745B451CD800FD00D2D034 /* BebasNeue Bold.otf in Resources */,
				4B79AB991CD2AEB600F23681 /* LaunchScreen.storyboard in Resources */,
				4B1FF8EE1CDA90230032D545 /* BebasNeue Regular.otf in Resources */,
				4B79AB961CD2AEB600F23681 /* Assets.xcassets in Resources */,
				4B745B471CD801A700D2D034 /* norwester.otf in Resources */,
				4B79AB941CD2AEB600F23681 /* Main.storyboard in Resources */,
			);
			runOnlyForDeploymentPostprocessing = 0;
		};
/* End PBXResourcesBuildPhase section */

/* Begin PBXSourcesBuildPhase section */
		4B79AB871CD2AEB600F23681 /* Sources */ = {
			isa = PBXSourcesBuildPhase;
			buildActionMask = 2147483647;
			files = (
				4B79ABA71CD2B41000F23681 /* Utility.swift in Sources */,
				4B79ABAB1CD2B8C000F23681 /* ManyLanguagesTextField.m in Sources */,
				4B69CEC91CD6300700D85B83 /* WordController.swift in Sources */,
				4B1FF8F01CDA975E0032D545 /* TrainerEngine.swift in Sources */,
				4B69CEC71CD4EA5100D85B83 /* Word.swift in Sources */,
				4B69CED31CD649EA00D85B83 /* SavedWords+Delegate.swift in Sources */,
				4B69CECF1CD63F7800D85B83 /* SavedWords+DataSource.swift in Sources */,
				4B79AB911CD2AEB600F23681 /* HomeViewController.swift in Sources */,
				4BA023ED1CF08D1100F958E7 /* MostWrongWordsViewController.swift in Sources */,
				4B855E291CF3AAB4002FD0E4 /* TrainerViewController+TextViewDelegate.swift in Sources */,
				4BC5A9411CD93EB6006CE9C6 /* JapaneseTextField.m in Sources */,
				4B79AB8F1CD2AEB600F23681 /* AppDelegate.swift in Sources */,
				4BC5A93E1CD93E94006CE9C6 /* ItalianTextField.m in Sources */,
				4B69CECB1CD634E800D85B83 /* FileSystemUtility.swift in Sources */,
				4B79ABA31CD2B02600F23681 /* TrainerViewController.swift in Sources */,
				4B79ABAE1CD2B9BC00F23681 /* Utilities.m in Sources */,
				4B79ABA51CD2B03D00F23681 /* AddNewWordsViewController.swift in Sources */,
				4BD09F741CF7905800AA8E0E /* FinishViewController.swift in Sources */,
				4B69CECD1CD63A9000D85B83 /* SavedWordViewController.swift in Sources */,
				4B675D251CD4034600A1B0F7 /* Constants.swift in Sources */,
				4B69CED11CD6404900D85B83 /* SavedWordsTableViewCell.swift in Sources */,
			);
			runOnlyForDeploymentPostprocessing = 0;
		};
/* End PBXSourcesBuildPhase section */

/* Begin PBXVariantGroup section */
		4B79AB921CD2AEB600F23681 /* Main.storyboard */ = {
			isa = PBXVariantGroup;
			children = (
				4B79AB931CD2AEB600F23681 /* Base */,
			);
			name = Main.storyboard;
			sourceTree = "<group>";
		};
		4B79AB971CD2AEB600F23681 /* LaunchScreen.storyboard */ = {
			isa = PBXVariantGroup;
			children = (
				4B79AB981CD2AEB600F23681 /* Base */,
			);
			name = LaunchScreen.storyboard;
			sourceTree = "<group>";
		};
/* End PBXVariantGroup section */

/* Begin XCBuildConfiguration section */
		4B79AB9B1CD2AEB600F23681 /* Debug */ = {
			isa = XCBuildConfiguration;
			buildSettings = {
				ALWAYS_SEARCH_USER_PATHS = NO;
				CLANG_ANALYZER_NONNULL = YES;
				CLANG_CXX_LANGUAGE_STANDARD = "gnu++0x";
				CLANG_CXX_LIBRARY = "libc++";
				CLANG_ENABLE_MODULES = YES;
				CLANG_ENABLE_OBJC_ARC = YES;
				CLANG_WARN_BOOL_CONVERSION = YES;
				CLANG_WARN_CONSTANT_CONVERSION = YES;
				CLANG_WARN_DIRECT_OBJC_ISA_USAGE = YES_ERROR;
				CLANG_WARN_EMPTY_BODY = YES;
				CLANG_WARN_ENUM_CONVERSION = YES;
				CLANG_WARN_INT_CONVERSION = YES;
				CLANG_WARN_OBJC_ROOT_CLASS = YES_ERROR;
				CLANG_WARN_UNREACHABLE_CODE = YES;
				CLANG_WARN__DUPLICATE_METHOD_MATCH = YES;
				"CODE_SIGN_IDENTITY[sdk=iphoneos*]" = "iPhone Developer";
				COPY_PHASE_STRIP = NO;
				DEBUG_INFORMATION_FORMAT = dwarf;
				ENABLE_STRICT_OBJC_MSGSEND = YES;
				ENABLE_TESTABILITY = YES;
				GCC_C_LANGUAGE_STANDARD = gnu99;
				GCC_DYNAMIC_NO_PIC = NO;
				GCC_NO_COMMON_BLOCKS = YES;
				GCC_OPTIMIZATION_LEVEL = 0;
				GCC_PREPROCESSOR_DEFINITIONS = (
					"DEBUG=1",
					"$(inherited)",
				);
				GCC_WARN_64_TO_32_BIT_CONVERSION = YES;
				GCC_WARN_ABOUT_RETURN_TYPE = YES_ERROR;
				GCC_WARN_UNDECLARED_SELECTOR = YES;
				GCC_WARN_UNINITIALIZED_AUTOS = YES_AGGRESSIVE;
				GCC_WARN_UNUSED_FUNCTION = YES;
				GCC_WARN_UNUSED_VARIABLE = YES;
				IPHONEOS_DEPLOYMENT_TARGET = 9.3;
				MTL_ENABLE_DEBUG_INFO = YES;
				ONLY_ACTIVE_ARCH = YES;
				SDKROOT = iphoneos;
				SWIFT_OPTIMIZATION_LEVEL = "-Onone";
			};
			name = Debug;
		};
		4B79AB9C1CD2AEB600F23681 /* Release */ = {
			isa = XCBuildConfiguration;
			buildSettings = {
				ALWAYS_SEARCH_USER_PATHS = NO;
				CLANG_ANALYZER_NONNULL = YES;
				CLANG_CXX_LANGUAGE_STANDARD = "gnu++0x";
				CLANG_CXX_LIBRARY = "libc++";
				CLANG_ENABLE_MODULES = YES;
				CLANG_ENABLE_OBJC_ARC = YES;
				CLANG_WARN_BOOL_CONVERSION = YES;
				CLANG_WARN_CONSTANT_CONVERSION = YES;
				CLANG_WARN_DIRECT_OBJC_ISA_USAGE = YES_ERROR;
				CLANG_WARN_EMPTY_BODY = YES;
				CLANG_WARN_ENUM_CONVERSION = YES;
				CLANG_WARN_INT_CONVERSION = YES;
				CLANG_WARN_OBJC_ROOT_CLASS = YES_ERROR;
				CLANG_WARN_UNREACHABLE_CODE = YES;
				CLANG_WARN__DUPLICATE_METHOD_MATCH = YES;
				"CODE_SIGN_IDENTITY[sdk=iphoneos*]" = "iPhone Developer";
				COPY_PHASE_STRIP = NO;
				DEBUG_INFORMATION_FORMAT = "dwarf-with-dsym";
				ENABLE_NS_ASSERTIONS = NO;
				ENABLE_STRICT_OBJC_MSGSEND = YES;
				GCC_C_LANGUAGE_STANDARD = gnu99;
				GCC_NO_COMMON_BLOCKS = YES;
				GCC_WARN_64_TO_32_BIT_CONVERSION = YES;
				GCC_WARN_ABOUT_RETURN_TYPE = YES_ERROR;
				GCC_WARN_UNDECLARED_SELECTOR = YES;
				GCC_WARN_UNINITIALIZED_AUTOS = YES_AGGRESSIVE;
				GCC_WARN_UNUSED_FUNCTION = YES;
				GCC_WARN_UNUSED_VARIABLE = YES;
				IPHONEOS_DEPLOYMENT_TARGET = 9.3;
				MTL_ENABLE_DEBUG_INFO = NO;
				SDKROOT = iphoneos;
				VALIDATE_PRODUCT = YES;
			};
			name = Release;
		};
		4B79AB9E1CD2AEB600F23681 /* Debug */ = {
			isa = XCBuildConfiguration;
			buildSettings = {
				ASSETCATALOG_COMPILER_APPICON_NAME = AppIcon;
				CLANG_ENABLE_MODULES = YES;
				CODE_SIGN_IDENTITY = "iPhone Developer";
				INFOPLIST_FILE = JapaneseTrainer/Info.plist;
				LD_RUNPATH_SEARCH_PATHS = "$(inherited) @executable_path/Frameworks";
				PRODUCT_BUNDLE_IDENTIFIER = it.egate.tutorial;
				PRODUCT_NAME = "$(TARGET_NAME)";
				PROVISIONING_PROFILE = "db21f6e2-3b5a-4f39-a4d8-bf8489afcf2a";
				SWIFT_OBJC_BRIDGING_HEADER = "JapaneseTrainer-Bridging-Header.h";
				SWIFT_OPTIMIZATION_LEVEL = "-Onone";
			};
			name = Debug;
		};
		4B79AB9F1CD2AEB600F23681 /* Release */ = {
			isa = XCBuildConfiguration;
			buildSettings = {
				ASSETCATALOG_COMPILER_APPICON_NAME = AppIcon;
				CLANG_ENABLE_MODULES = YES;
				CODE_SIGN_IDENTITY = "iPhone Developer";
				INFOPLIST_FILE = JapaneseTrainer/Info.plist;
				LD_RUNPATH_SEARCH_PATHS = "$(inherited) @executable_path/Frameworks";
				PRODUCT_BUNDLE_IDENTIFIER = it.egate.tutorial;
				PRODUCT_NAME = "$(TARGET_NAME)";
				PROVISIONING_PROFILE = "db21f6e2-3b5a-4f39-a4d8-bf8489afcf2a";
				SWIFT_OBJC_BRIDGING_HEADER = "JapaneseTrainer-Bridging-Header.h";
			};
			name = Release;
		};
/* End XCBuildConfiguration section */

/* Begin XCConfigurationList section */
		4B79AB861CD2AEB500F23681 /* Build configuration list for PBXProject "JapaneseTrainer" */ = {
			isa = XCConfigurationList;
			buildConfigurations = (
				4B79AB9B1CD2AEB600F23681 /* Debug */,
				4B79AB9C1CD2AEB600F23681 /* Release */,
			);
			defaultConfigurationIsVisible = 0;
			defaultConfigurationName = Release;
		};
		4B79AB9D1CD2AEB600F23681 /* Build configuration list for PBXNativeTarget "JPTrainer" */ = {
			isa = XCConfigurationList;
			buildConfigurations = (
				4B79AB9E1CD2AEB600F23681 /* Debug */,
				4B79AB9F1CD2AEB600F23681 /* Release */,
			);
			defaultConfigurationIsVisible = 0;
			defaultConfigurationName = Release;
		};
/* End XCConfigurationList section */
	};
	rootObject = 4B79AB831CD2AEB500F23681 /* Project object */;
}
